<?xml version="1.0" encoding="utf-8"?>
<Project ToolsVersion="4.0" xmlns="http://schemas.microsoft.com/developer/msbuild/2003">
  <ItemGroup>
    <Filter Include="Source Files">
      <UniqueIdentifier>{4FC737F1-C7A5-4376-A066-2A32D752A2FF}</UniqueIdentifier>
      <Extensions>cpp;c;cc;cxx;c++;cppm;ixx;def;odl;idl;hpj;bat;asm;asmx</Extensions>
    </Filter>
    <Filter Include="Header Files">
      <UniqueIdentifier>{93995380-89BD-4b04-88EB-625FBE52EBFB}</UniqueIdentifier>
      <Extensions>h;hh;hpp;hxx;h++;hm;inl;inc;ipp;xsd</Extensions>
    </Filter>
    <Filter Include="Resource Files">
      <UniqueIdentifier>{67DA6AB6-F800-4c08-8B7A-83BB121AAD01}</UniqueIdentifier>
      <Extensions>rc;ico;cur;bmp;dlg;rc2;rct;bin;rgs;gif;jpg;jpeg;jpe;resx;tiff;tif;png;wav;mfcribbon-ms</Extensions>
    </Filter>
  </ItemGroup>
  <ItemGroup>
    <ClInclude Include="fileh\Car.h">
      <Filter>Source Files</Filter>
    </ClInclude>
    <ClInclude Include="fileh\CrossyRoad.h">
      <Filter>Source Files</Filter>
    </ClInclude>
    <ClInclude Include="fileh\flag.h">
      <Filter>Source Files</Filter>
    </ClInclude>
    <ClInclude Include="fileh\Game.h">
      <Filter>Source Files</Filter>
    </ClInclude>
    <ClInclude Include="fileh\Level.h">
      <Filter>Source Files</Filter>
    </ClInclude>
    <ClInclude Include="fileh\Mediator.h">
      <Filter>Source Files</Filter>
    </ClInclude>
    <ClInclude Include="fileh\Menu.h">
      <Filter>Source Files</Filter>
    </ClInclude>
    <ClInclude Include="fileh\Object.h">
      <Filter>Source Files</Filter>
    </ClInclude>
    <ClInclude Include="fileh\Object_static.h">
      <Filter>Source Files</Filter>
    </ClInclude>
    <ClInclude Include="fileh\Player.h">
      <Filter>Source Files</Filter>
    </ClInclude>
    <ClInclude Include="fileh\PlayerMediator.h">
      <Filter>Source Files</Filter>
    </ClInclude>
    <ClInclude Include="fileh\Point.h">
      <Filter>Source Files</Filter>
    </ClInclude>
    <ClInclude Include="fileh\Rectangle.h">
      <Filter>Source Files</Filter>
    </ClInclude>
    <ClInclude Include="fileh\Road.h">
      <Filter>Source Files</Filter>
    </ClInclude>
    <ClInclude Include="fileh\Rock.h">
      <Filter>Source Files</Filter>
    </ClInclude>
    <ClInclude Include="fileh\State.h">
      <Filter>Source Files</Filter>
    </ClInclude>
    <ClInclude Include="resource.h">
      <Filter>Source Files</Filter>
    </ClInclude>
    <ClInclude Include="fileh\TrafficLight.h">
      <Filter>Source Files</Filter>
    </ClInclude>
    <ClInclude Include="fileh\Animal.h">
      <Filter>Source Files</Filter>
    </ClInclude>
    <ClInclude Include="fileh\WinMenu.h">
      <Filter>Source Files</Filter>
    </ClInclude>
    <ClInclude Include="fileh\PlayerStatus.h">
      <Filter>Source Files</Filter>
    </ClInclude>
    <ClInclude Include="fileh\LoseMenu.h">
      <Filter>Source Files</Filter>
    </ClInclude>
    <ClInclude Include="fileh\Save_Load.h">
      <Filter>Source Files</Filter>
    </ClInclude>
  </ItemGroup>
  <ItemGroup>
    <ClCompile Include="filecpp\Car.cpp">
      <Filter>Source Files</Filter>
    </ClCompile>
    <ClCompile Include="filecpp\flag.cpp">
      <Filter>Source Files</Filter>
    </ClCompile>
    <ClCompile Include="filecpp\Level.cpp">
      <Filter>Source Files</Filter>
    </ClCompile>
    <ClCompile Include="filecpp\Menu.cpp">
      <Filter>Source Files</Filter>
    </ClCompile>
    <ClCompile Include="filecpp\Object.cpp">
      <Filter>Source Files</Filter>
    </ClCompile>
    <ClCompile Include="filecpp\Object_static.cpp">
      <Filter>Source Files</Filter>
    </ClCompile>
    <ClCompile Include="filecpp\Player.cpp">
      <Filter>Source Files</Filter>
    </ClCompile>
    <ClCompile Include="filecpp\PlayerMediator.cpp">
      <Filter>Source Files</Filter>
    </ClCompile>
    <ClCompile Include="filecpp\Point.cpp">
      <Filter>Source Files</Filter>
    </ClCompile>
    <ClCompile Include="filecpp\Road.cpp">
      <Filter>Source Files</Filter>
    </ClCompile>
    <ClCompile Include="filecpp\Rock.cpp">
      <Filter>Source Files</Filter>
    </ClCompile>
    <ClCompile Include="filecpp\Source.cpp">
      <Filter>Source Files</Filter>
    </ClCompile>
    <ClCompile Include="filecpp\State.cpp">
      <Filter>Source Files</Filter>
    </ClCompile>
    <ClCompile Include="Game.cpp">
      <Filter>Source Files</Filter>
    </ClCompile>
    <ClCompile Include="main.cpp">
      <Filter>Source Files</Filter>
    </ClCompile>
    <ClCompile Include="filecpp\TrafficLight.cpp">
      <Filter>Source Files</Filter>
    </ClCompile>
    <ClCompile Include="filecpp\Animal.cpp">
      <Filter>Source Files</Filter>
    </ClCompile>
    <ClCompile Include="filecpp\Save_Load.cpp">
      <Filter>Source Files</Filter>
    </ClCompile>
  </ItemGroup>
</Project>